// !$*UTF8*$!
{
	archiveVersion = 1;
	classes = {
	};
	objectVersion = 46;
	objects = {

/* Begin PBXBuildFile section */
		2FD63DA71E4667F500DD9C25 /* AppDelegate.swift in Sources */ = {isa = PBXBuildFile; fileRef = 2FD63DA61E4667F500DD9C25 /* AppDelegate.swift */; };
		2FD63DA91E4667F500DD9C25 /* MasterViewController.swift in Sources */ = {isa = PBXBuildFile; fileRef = 2FD63DA81E4667F500DD9C25 /* MasterViewController.swift */; };
		2FD63DAB1E4667F500DD9C25 /* DetailViewController.swift in Sources */ = {isa = PBXBuildFile; fileRef = 2FD63DAA1E4667F500DD9C25 /* DetailViewController.swift */; };
		2FD63DAE1E4667F500DD9C25 /* Main.storyboard in Resources */ = {isa = PBXBuildFile; fileRef = 2FD63DAC1E4667F500DD9C25 /* Main.storyboard */; };
		2FD63DB01E4667F500DD9C25 /* Assets.xcassets in Resources */ = {isa = PBXBuildFile; fileRef = 2FD63DAF1E4667F500DD9C25 /* Assets.xcassets */; };
		2FD63DB31E4667F500DD9C25 /* LaunchScreen.storyboard in Resources */ = {isa = PBXBuildFile; fileRef = 2FD63DB11E4667F500DD9C25 /* LaunchScreen.storyboard */; };
		B04027301E466E7600163D0C /* Messier.swift in Sources */ = {isa = PBXBuildFile; fileRef = B040272F1E466E7600163D0C /* Messier.swift */; };
		B04027371E46714500163D0C /* messier.json in Resources */ = {isa = PBXBuildFile; fileRef = B04027351E46714500163D0C /* messier.json */; };
		B04027381E46714500163D0C /* MessierImages in Resources */ = {isa = PBXBuildFile; fileRef = B04027361E46714500163D0C /* MessierImages */; };
/* End PBXBuildFile section */

/* Begin PBXFileReference section */
		2FD63DA31E4667F500DD9C25 /* Star-Spotter-App.app */ = {isa = PBXFileReference; explicitFileType = wrapper.application; includeInIndex = 0; path = "Star-Spotter-App.app"; sourceTree = BUILT_PRODUCTS_DIR; };
		2FD63DA61E4667F500DD9C25 /* AppDelegate.swift */ = {isa = PBXFileReference; lastKnownFileType = sourcecode.swift; path = AppDelegate.swift; sourceTree = "<group>"; };
		2FD63DA81E4667F500DD9C25 /* MasterViewController.swift */ = {isa = PBXFileReference; lastKnownFileType = sourcecode.swift; path = MasterViewController.swift; sourceTree = "<group>"; };
		2FD63DAA1E4667F500DD9C25 /* DetailViewController.swift */ = {isa = PBXFileReference; lastKnownFileType = sourcecode.swift; path = DetailViewController.swift; sourceTree = "<group>"; };
		2FD63DAD1E4667F500DD9C25 /* Base */ = {isa = PBXFileReference; lastKnownFileType = file.storyboard; name = Base; path = Base.lproj/Main.storyboard; sourceTree = "<group>"; };
		2FD63DAF1E4667F500DD9C25 /* Assets.xcassets */ = {isa = PBXFileReference; lastKnownFileType = folder.assetcatalog; path = Assets.xcassets; sourceTree = "<group>"; };
		2FD63DB21E4667F500DD9C25 /* Base */ = {isa = PBXFileReference; lastKnownFileType = file.storyboard; name = Base; path = Base.lproj/LaunchScreen.storyboard; sourceTree = "<group>"; };
		2FD63DB41E4667F500DD9C25 /* Info.plist */ = {isa = PBXFileReference; lastKnownFileType = text.plist.xml; path = Info.plist; sourceTree = "<group>"; };
		B040272F1E466E7600163D0C /* Messier.swift */ = {isa = PBXFileReference; fileEncoding = 4; lastKnownFileType = sourcecode.swift; name = Messier.swift; path = "../../../untitled folder/StarSpotterApp/StarSpotterApp/Messier.swift"; sourceTree = "<group>"; };
		B04027351E46714500163D0C /* messier.json */ = {isa = PBXFileReference; fileEncoding = 4; lastKnownFileType = text.json; path = messier.json; sourceTree = "<group>"; };
		B04027361E46714500163D0C /* MessierImages */ = {isa = PBXFileReference; lastKnownFileType = folder; path = MessierImages; sourceTree = "<group>"; };
/* End PBXFileReference section */

/* Begin PBXFrameworksBuildPhase section */
		2FD63DA01E4667F400DD9C25 /* Frameworks */ = {
			isa = PBXFrameworksBuildPhase;
			buildActionMask = 2147483647;
			files = (
			);
			runOnlyForDeploymentPostprocessing = 0;
		};
/* End PBXFrameworksBuildPhase section */

/* Begin PBXGroup section */
		2FD63D9A1E4667F400DD9C25 = {
			isa = PBXGroup;
			children = (
				2FD63DA51E4667F500DD9C25 /* Star-Spotter-App */,
				2FD63DA41E4667F500DD9C25 /* Products */,
			);
			sourceTree = "<group>";
		};
		2FD63DA41E4667F500DD9C25 /* Products */ = {
			isa = PBXGroup;
			children = (
				2FD63DA31E4667F500DD9C25 /* Star-Spotter-App.app */,
			);
			name = Products;
			sourceTree = "<group>";
		};
		2FD63DA51E4667F500DD9C25 /* Star-Spotter-App */ = {
			isa = PBXGroup;
			children = (
				B04027351E46714500163D0C /* messier.json */,
				B04027361E46714500163D0C /* MessierImages */,
				2FD63DA61E4667F500DD9C25 /* AppDelegate.swift */,
				2FD63DA81E4667F500DD9C25 /* MasterViewController.swift */,
				2FD63DAA1E4667F500DD9C25 /* DetailViewController.swift */,
				2FD63DAC1E4667F500DD9C25 /* Main.storyboard */,
				2FD63DAF1E4667F500DD9C25 /* Assets.xcassets */,
				2FD63DB11E4667F500DD9C25 /* LaunchScreen.storyboard */,
				2FD63DB41E4667F500DD9C25 /* Info.plist */,
				B040272F1E466E7600163D0C /* Messier.swift */,
			);
			path = "Star-Spotter-App";
			sourceTree = "<group>";
		};
/* End PBXGroup section */

/* Begin PBXNativeTarget section */
		2FD63DA21E4667F400DD9C25 /* Star-Spotter-App */ = {
			isa = PBXNativeTarget;
			buildConfigurationList = 2FD63DB71E4667F500DD9C25 /* Build configuration list for PBXNativeTarget "Star-Spotter-App" */;
			buildPhases = (
				2FD63D9F1E4667F400DD9C25 /* Sources */,
				2FD63DA01E4667F400DD9C25 /* Frameworks */,
				2FD63DA11E4667F400DD9C25 /* Resources */,
			);
			buildRules = (
			);
			dependencies = (
			);
			name = "Star-Spotter-App";
			productName = "Star-Spotter-App";
			productReference = 2FD63DA31E4667F500DD9C25 /* Star-Spotter-App.app */;
			productType = "com.apple.product-type.application";
		};
/* End PBXNativeTarget section */

/* Begin PBXProject section */
		2FD63D9B1E4667F400DD9C25 /* Project object */ = {
			isa = PBXProject;
			attributes = {
				LastSwiftUpdateCheck = 0820;
				LastUpgradeCheck = 0820;
				ORGANIZATIONNAME = "Kameron Haramoto";
				TargetAttributes = {
					2FD63DA21E4667F400DD9C25 = {
						CreatedOnToolsVersion = 8.2.1;
						ProvisioningStyle = Automatic;
					};
				};
			};
			buildConfigurationList = 2FD63D9E1E4667F400DD9C25 /* Build configuration list for PBXProject "Star-Spotter-App" */;
			compatibilityVersion = "Xcode 3.2";
			developmentRegion = English;
			hasScannedForEncodings = 0;
			knownRegions = (
				en,
				Base,
			);
			mainGroup = 2FD63D9A1E4667F400DD9C25;
			productRefGroup = 2FD63DA41E4667F500DD9C25 /* Products */;
			projectDirPath = "";
			projectRoot = "";
			targets = (
				2FD63DA21E4667F400DD9C25 /* Star-Spotter-App */,
			);
		};
/* End PBXProject section */

/* Begin PBXResourcesBuildPhase section */
		2FD63DA11E4667F400DD9C25 /* Resources */ = {
			isa = PBXResourcesBuildPhase;
			buildActionMask = 2147483647;
			files = (
				B04027371E46714500163D0C /* messier.json in Resources */,
				2FD63DB31E4667F500DD9C25 /* LaunchScreen.storyboard in Resources */,
				2FD63DB01E4667F500DD9C25 /* Assets.xcassets in Resources */,
				B04027381E46714500163D0C /* MessierImages in Resources */,
				2FD63DAE1E4667F500DD9C25 /* Main.storyboard in Resources */,
			);
			runOnlyForDeploymentPostprocessing = 0;
		};
/* End PBXResourcesBuildPhase section */

/* Begin PBXSourcesBuildPhase section */
		2FD63D9F1E4667F400DD9C25 /* Sources */ = {
			isa = PBXSourcesBuildPhase;
			buildActionMask = 2147483647;
			files = (
				B04027301E466E7600163D0C /* Messier.swift in Sources */,
				2FD63DAB1E4667F500DD9C25 /* DetailViewController.swift in Sources */,
				2FD63DA91E4667F500DD9C25 /* MasterViewController.swift in Sources */,
				2FD63DA71E4667F500DD9C25 /* AppDelegate.swift in Sources */,
			);
			runOnlyForDeploymentPostprocessing = 0;
		};
/* End PBXSourcesBuildPhase section */

/* Begin PBXVariantGroup section */
		2FD63DAC1E4667F500DD9C25 /* Main.storyboard */ = {
			isa = PBXVariantGroup;
			children = (
				2FD63DAD1E4667F500DD9C25 /* Base */,
			);
			name = Main.storyboard;
			sourceTree = "<group>";
		};
		2FD63DB11E4667F500DD9C25 /* LaunchScreen.storyboard */ = {
			isa = PBXVariantGroup;
			children = (
				2FD63DB21E4667F500DD9C25 /* Base */,
			);
			name = LaunchScreen.storyboard;
			sourceTree = "<group>";
		};
/* End PBXVariantGroup section */

/* Begin XCBuildConfiguration section */
		2FD63DB51E4667F500DD9C25 /* Debug */ = {
			isa = XCBuildConfiguration;
			buildSettings = {
				ALWAYS_SEARCH_USER_PATHS = NO;
				CLANG_ANALYZER_NONNULL = YES;
				CLANG_CXX_LANGUAGE_STANDARD = "gnu++0x";
				CLANG_CXX_LIBRARY = "libc++";
				CLANG_ENABLE_MODULES = YES;
				CLANG_ENABLE_OBJC_ARC = YES;
				CLANG_WARN_BOOL_CONVERSION = YES;
				CLANG_WARN_CONSTANT_CONVERSION = YES;
				CLANG_WARN_DIRECT_OBJC_ISA_USAGE = YES_ERROR;
				CLANG_WARN_DOCUMENTATION_COMMENTS = YES;
				CLANG_WARN_EMPTY_BODY = YES;
				CLANG_WARN_ENUM_CONVERSION = YES;
				CLANG_WARN_INFINITE_RECURSION = YES;
				CLANG_WARN_INT_CONVERSION = YES;
				CLANG_WARN_OBJC_ROOT_CLASS = YES_ERROR;
				CLANG_WARN_SUSPICIOUS_MOVE = YES;
				CLANG_WARN_UNREACHABLE_CODE = YES;
				CLANG_WARN__DUPLICATE_METHOD_MATCH = YES;
				"CODE_SIGN_IDENTITY[sdk=iphoneos*]" = "iPhone Developer";
				COPY_PHASE_STRIP = NO;
				DEBUG_INFORMATION_FORMAT = dwarf;
				ENABLE_STRICT_OBJC_MSGSEND = YES;
				ENABLE_TESTABILITY = YES;
				GCC_C_LANGUAGE_STANDARD = gnu99;
				GCC_DYNAMIC_NO_PIC = NO;
				GCC_NO_COMMON_BLOCKS = YES;
				GCC_OPTIMIZATION_LEVEL = 0;
				GCC_PREPROCESSOR_DEFINITIONS = (
					"DEBUG=1",
					"$(inherited)",
				);
				GCC_WARN_64_TO_32_BIT_CONVERSION = YES;
				GCC_WARN_ABOUT_RETURN_TYPE = YES_ERROR;
				GCC_WARN_UNDECLARED_SELECTOR = YES;
				GCC_WARN_UNINITIALIZED_AUTOS = YES_AGGRESSIVE;
				GCC_WARN_UNUSED_FUNCTION = YES;
				GCC_WARN_UNUSED_VARIABLE = YES;
				IPHONEOS_DEPLOYMENT_TARGET = 10.2;
				MTL_ENABLE_DEBUG_INFO = YES;
				ONLY_ACTIVE_ARCH = YES;
				SDKROOT = iphoneos;
				SWIFT_ACTIVE_COMPILATION_CONDITIONS = DEBUG;
				SWIFT_OPTIMIZATION_LEVEL = "-Onone";
				TARGETED_DEVICE_FAMILY = "1,2";
			};
			name = Debug;
		};
		2FD63DB61E4667F500DD9C25 /* Release */ = {
			isa = XCBuildConfiguration;
			buildSettings = {
				ALWAYS_SEARCH_USER_PATHS = NO;
				CLANG_ANALYZER_NONNULL = YES;
				CLANG_CXX_LANGUAGE_STANDARD = "gnu++0x";
				CLANG_CXX_LIBRARY = "libc++";
				CLANG_ENABLE_MODULES = YES;
				CLANG_ENABLE_OBJC_ARC = YES;
				CLANG_WARN_BOOL_CONVERSION = YES;
				CLANG_WARN_CONSTANT_CONVERSION = YES;
				CLANG_WARN_DIRECT_OBJC_ISA_USAGE = YES_ERROR;
				CLANG_WARN_DOCUMENTATION_COMMENTS = YES;
				CLANG_WARN_EMPTY_BODY = YES;
				CLANG_WARN_ENUM_CONVERSION = YES;
				CLANG_WARN_INFINITE_RECURSION = YES;
				CLANG_WARN_INT_CONVERSION = YES;
				CLANG_WARN_OBJC_ROOT_CLASS = YES_ERROR;
				CLANG_WARN_SUSPICIOUS_MOVE = YES;
				CLANG_WARN_UNREACHABLE_CODE = YES;
				CLANG_WARN__DUPLICATE_METHOD_MATCH = YES;
				"CODE_SIGN_IDENTITY[sdk=iphoneos*]" = "iPhone Developer";
				COPY_PHASE_STRIP = NO;
				DEBUG_INFORMATION_FORMAT = "dwarf-with-dsym";
				ENABLE_NS_ASSERTIONS = NO;
				ENABLE_STRICT_OBJC_MSGSEND = YES;
				GCC_C_LANGUAGE_STANDARD = gnu99;
				GCC_NO_COMMON_BLOCKS = YES;
				GCC_WARN_64_TO_32_BIT_CONVERSION = YES;
				GCC_WARN_ABOUT_RETURN_TYPE = YES_ERROR;
				GCC_WARN_UNDECLARED_SELECTOR = YES;
				GCC_WARN_UNINITIALIZED_AUTOS = YES_AGGRESSIVE;
				GCC_WARN_UNUSED_FUNCTION = YES;
				GCC_WARN_UNUSED_VARIABLE = YES;
				IPHONEOS_DEPLOYMENT_TARGET = 10.2;
				MTL_ENABLE_DEBUG_INFO = NO;
				SDKROOT = iphoneos;
				SWIFT_OPTIMIZATION_LEVEL = "-Owholemodule";
				TARGETED_DEVICE_FAMILY = "1,2";
				VALIDATE_PRODUCT = YES;
			};
			name = Release;
		};
		2FD63DB81E4667F500DD9C25 /* Debug */ = {
			isa = XCBuildConfiguration;
			buildSettings = {
				ASSETCATALOG_COMPILER_APPICON_NAME = AppIcon;
				INFOPLIST_FILE = "Star-Spotter-App/Info.plist";
				LD_RUNPATH_SEARCH_PATHS = "$(inherited) @executable_path/Frameworks";
				PRODUCT_BUNDLE_IDENTIFIER = "maga.Star-Spotter-App";
				PRODUCT_NAME = "$(TARGET_NAME)";
				SWIFT_VERSION = 3.0;
			};
			name = Debug;
		};
		2FD63DB91E4667F500DD9C25 /* Release */ = {
			isa = XCBuildConfiguration;
			buildSettings = {
				ASSETCATALOG_COMPILER_APPICON_NAME = AppIcon;
				INFOPLIST_FILE = "Star-Spotter-App/Info.plist";
				LD_RUNPATH_SEARCH_PATHS = "$(inherited) @executable_path/Frameworks";
				PRODUCT_BUNDLE_IDENTIFIER = "maga.Star-Spotter-App";
				PRODUCT_NAME = "$(TARGET_NAME)";
				SWIFT_VERSION = 3.0;
			};
			name = Release;
		};
/* End XCBuildConfiguration section */

/* Begin XCConfigurationList section */
		2FD63D9E1E4667F400DD9C25 /* Build configuration list for PBXProject "Star-Spotter-App" */ = {
			isa = XCConfigurationList;
			buildConfigurations = (
				2FD63DB51E4667F500DD9C25 /* Debug */,
				2FD63DB61E4667F500DD9C25 /* Release */,
			);
			defaultConfigurationIsVisible = 0;
			defaultConfigurationName = Release;
		};
		2FD63DB71E4667F500DD9C25 /* Build configuration list for PBXNativeTarget "Star-Spotter-App" */ = {
			isa = XCConfigurationList;
			buildConfigurations = (
				2FD63DB81E4667F500DD9C25 /* Debug */,
				2FD63DB91E4667F500DD9C25 /* Release */,
			);
			defaultConfigurationIsVisible = 0;
			defaultConfigurationName = Release;
		};
/* End XCConfigurationList section */
	};
	rootObject = 2FD63D9B1E4667F400DD9C25 /* Project object */;
}
